
Microsoft Visual Studio Solution File, Format Version 12.00
# Visual Studio Version 16
VisualStudioVersion = 16.0.30114.105
MinimumVisualStudioVersion = 10.0.40219.1
Project("{FAE04EC0-301F-11D3-BF4B-00C04F79EFBC}") = "Liberty Miner GUI", "Liberty Miner GUI\Liberty Miner GUI.csproj", "{7AE9F65A-B445-4C1B-9EA8-137BD05BB86D}"
EndProject
Global
	GlobalSection(SolutionConfigurationPlatforms) = preSolution
		Debug|Any CPU = Debug|Any CPU
		Release|Any CPU = Release|Any CPU
	EndGlobalSection
	GlobalSection(ProjectConfigurationPlatforms) = postSolution
		{7AE9F65A-B445-4C1B-9EA8-137BD05BB86D}.Debug|Any CPU.ActiveCfg = Debug|Any CPU
		{7AE9F65A-B445-4C1B-9EA8-137BD05BB86D}.Debug|Any CPU.Build.0 = Debug|Any CPU
		{7AE9F65A-B445-4C1B-9EA8-137BD05BB86D}.Release|Any CPU.ActiveCfg = Release|Any CPU
		{7AE9F65A-B445-4C1B-9EA8-137BD05BB86D}.Release|Any CPU.Build.0 = Release|Any CPU
	EndGlobalSection
	GlobalSection(SolutionProperties) = preSolution
		HideSolutionNode = FALSE
	EndGlobalSection
	GlobalSection(ExtensibilityGlobals) = postSolution
		SolutionGuid = {938CE005-1F5D-43C1-AFBA-602A6C2D805E}
	EndGlobalSection
EndGlobal
